// !$*UTF8*$!
{
	archiveVersion = 1;
	classes = {
	};
	objectVersion = 55;
	objects = {

/* Begin PBXBuildFile section */
		18342D492AE5A2A800126A99 /* ProductManagerApp.swift in Sources */ = {isa = PBXBuildFile; fileRef = 18342D482AE5A2A800126A99 /* ProductManagerApp.swift */; };
		18342D4B2AE5A2A800126A99 /* ContentView.swift in Sources */ = {isa = PBXBuildFile; fileRef = 18342D4A2AE5A2A800126A99 /* ContentView.swift */; };
		18342D4D2AE5A2AA00126A99 /* Assets.xcassets in Resources */ = {isa = PBXBuildFile; fileRef = 18342D4C2AE5A2AA00126A99 /* Assets.xcassets */; };
		18342D502AE5A2AA00126A99 /* Preview Assets.xcassets in Resources */ = {isa = PBXBuildFile; fileRef = 18342D4F2AE5A2AA00126A99 /* Preview Assets.xcassets */; };
		18342D5A2AE5A2AA00126A99 /* ProductManagerTests.swift in Sources */ = {isa = PBXBuildFile; fileRef = 18342D592AE5A2AA00126A99 /* ProductManagerTests.swift */; };
		18342D642AE5A2AA00126A99 /* ProductManagerUITests.swift in Sources */ = {isa = PBXBuildFile; fileRef = 18342D632AE5A2AA00126A99 /* ProductManagerUITests.swift */; };
		18342D662AE5A2AA00126A99 /* ProductManagerUITestsLaunchTests.swift in Sources */ = {isa = PBXBuildFile; fileRef = 18342D652AE5A2AA00126A99 /* ProductManagerUITestsLaunchTests.swift */; };
/* End PBXBuildFile section */

/* Begin PBXContainerItemProxy section */
		18342D562AE5A2AA00126A99 /* PBXContainerItemProxy */ = {
			isa = PBXContainerItemProxy;
			containerPortal = 18342D3D2AE5A2A800126A99 /* Project object */;
			proxyType = 1;
			remoteGlobalIDString = 18342D442AE5A2A800126A99;
			remoteInfo = ProductManager;
		};
		18342D602AE5A2AA00126A99 /* PBXContainerItemProxy */ = {
			isa = PBXContainerItemProxy;
			containerPortal = 18342D3D2AE5A2A800126A99 /* Project object */;
			proxyType = 1;
			remoteGlobalIDString = 18342D442AE5A2A800126A99;
			remoteInfo = ProductManager;
		};
/* End PBXContainerItemProxy section */

/* Begin PBXFileReference section */
		18342D452AE5A2A800126A99 /* ProductManager.app */ = {isa = PBXFileReference; explicitFileType = wrapper.application; includeInIndex = 0; path = ProductManager.app; sourceTree = BUILT_PRODUCTS_DIR; };
		18342D482AE5A2A800126A99 /* ProductManagerApp.swift */ = {isa = PBXFileReference; lastKnownFileType = sourcecode.swift; path = ProductManagerApp.swift; sourceTree = "<group>"; };
		18342D4A2AE5A2A800126A99 /* ContentView.swift */ = {isa = PBXFileReference; lastKnownFileType = sourcecode.swift; path = ContentView.swift; sourceTree = "<group>"; };
		18342D4C2AE5A2AA00126A99 /* Assets.xcassets */ = {isa = PBXFileReference; lastKnownFileType = folder.assetcatalog; path = Assets.xcassets; sourceTree = "<group>"; };
		18342D4F2AE5A2AA00126A99 /* Preview Assets.xcassets */ = {isa = PBXFileReference; lastKnownFileType = folder.assetcatalog; path = "Preview Assets.xcassets"; sourceTree = "<group>"; };
		18342D552AE5A2AA00126A99 /* ProductManagerTests.xctest */ = {isa = PBXFileReference; explicitFileType = wrapper.cfbundle; includeInIndex = 0; path = ProductManagerTests.xctest; sourceTree = BUILT_PRODUCTS_DIR; };
		18342D592AE5A2AA00126A99 /* ProductManagerTests.swift */ = {isa = PBXFileReference; lastKnownFileType = sourcecode.swift; path = ProductManagerTests.swift; sourceTree = "<group>"; };
		18342D5F2AE5A2AA00126A99 /* ProductManagerUITests.xctest */ = {isa = PBXFileReference; explicitFileType = wrapper.cfbundle; includeInIndex = 0; path = ProductManagerUITests.xctest; sourceTree = BUILT_PRODUCTS_DIR; };
		18342D632AE5A2AA00126A99 /* ProductManagerUITests.swift */ = {isa = PBXFileReference; lastKnownFileType = sourcecode.swift; path = ProductManagerUITests.swift; sourceTree = "<group>"; };
		18342D652AE5A2AA00126A99 /* ProductManagerUITestsLaunchTests.swift */ = {isa = PBXFileReference; lastKnownFileType = sourcecode.swift; path = ProductManagerUITestsLaunchTests.swift; sourceTree = "<group>"; };
/* End PBXFileReference section */

/* Begin PBXFrameworksBuildPhase section */
		18342D422AE5A2A800126A99 /* Frameworks */ = {
			isa = PBXFrameworksBuildPhase;
			buildActionMask = 2147483647;
			files = (
			);
			runOnlyForDeploymentPostprocessing = 0;
		};
		18342D522AE5A2AA00126A99 /* Frameworks */ = {
			isa = PBXFrameworksBuildPhase;
			buildActionMask = 2147483647;
			files = (
			);
			runOnlyForDeploymentPostprocessing = 0;
		};
		18342D5C2AE5A2AA00126A99 /* Frameworks */ = {
			isa = PBXFrameworksBuildPhase;
			buildActionMask = 2147483647;
			files = (
			);
			runOnlyForDeploymentPostprocessing = 0;
		};
/* End PBXFrameworksBuildPhase section */

/* Begin PBXGroup section */
		18342D3C2AE5A2A800126A99 = {
			isa = PBXGroup;
			children = (
				18342D472AE5A2A800126A99 /* ProductManager */,
				18342D582AE5A2AA00126A99 /* ProductManagerTests */,
				18342D622AE5A2AA00126A99 /* ProductManagerUITests */,
				18342D462AE5A2A800126A99 /* Products */,
			);
			sourceTree = "<group>";
		};
		18342D462AE5A2A800126A99 /* Products */ = {
			isa = PBXGroup;
			children = (
				18342D452AE5A2A800126A99 /* ProductManager.app */,
				18342D552AE5A2AA00126A99 /* ProductManagerTests.xctest */,
				18342D5F2AE5A2AA00126A99 /* ProductManagerUITests.xctest */,
			);
			name = Products;
			sourceTree = "<group>";
		};
		18342D472AE5A2A800126A99 /* ProductManager */ = {
			isa = PBXGroup;
			children = (
				18342D482AE5A2A800126A99 /* ProductManagerApp.swift */,
				18342D4A2AE5A2A800126A99 /* ContentView.swift */,
				18342D4C2AE5A2AA00126A99 /* Assets.xcassets */,
				18342D4E2AE5A2AA00126A99 /* Preview Content */,
			);
			path = ProductManager;
			sourceTree = "<group>";
		};
		18342D4E2AE5A2AA00126A99 /* Preview Content */ = {
			isa = PBXGroup;
			children = (
				18342D4F2AE5A2AA00126A99 /* Preview Assets.xcassets */,
			);
			path = "Preview Content";
			sourceTree = "<group>";
		};
		18342D582AE5A2AA00126A99 /* ProductManagerTests */ = {
			isa = PBXGroup;
			children = (
				18342D592AE5A2AA00126A99 /* ProductManagerTests.swift */,
			);
			path = ProductManagerTests;
			sourceTree = "<group>";
		};
		18342D622AE5A2AA00126A99 /* ProductManagerUITests */ = {
			isa = PBXGroup;
			children = (
				18342D632AE5A2AA00126A99 /* ProductManagerUITests.swift */,
				18342D652AE5A2AA00126A99 /* ProductManagerUITestsLaunchTests.swift */,
			);
			path = ProductManagerUITests;
			sourceTree = "<group>";
		};
/* End PBXGroup section */

/* Begin PBXNativeTarget section */
		18342D442AE5A2A800126A99 /* ProductManager */ = {
			isa = PBXNativeTarget;
			buildConfigurationList = 18342D692AE5A2AA00126A99 /* Build configuration list for PBXNativeTarget "ProductManager" */;
			buildPhases = (
				18342D412AE5A2A800126A99 /* Sources */,
				18342D422AE5A2A800126A99 /* Frameworks */,
				18342D432AE5A2A800126A99 /* Resources */,
			);
			buildRules = (
			);
			dependencies = (
			);
			name = ProductManager;
			productName = ProductManager;
			productReference = 18342D452AE5A2A800126A99 /* ProductManager.app */;
			productType = "com.apple.product-type.application";
		};
		18342D542AE5A2AA00126A99 /* ProductManagerTests */ = {
			isa = PBXNativeTarget;
			buildConfigurationList = 18342D6C2AE5A2AA00126A99 /* Build configuration list for PBXNativeTarget "ProductManagerTests" */;
			buildPhases = (
				18342D512AE5A2AA00126A99 /* Sources */,
				18342D522AE5A2AA00126A99 /* Frameworks */,
				18342D532AE5A2AA00126A99 /* Resources */,
			);
			buildRules = (
			);
			dependencies = (
				18342D572AE5A2AA00126A99 /* PBXTargetDependency */,
			);
			name = ProductManagerTests;
			productName = ProductManagerTests;
			productReference = 18342D552AE5A2AA00126A99 /* ProductManagerTests.xctest */;
			productType = "com.apple.product-type.bundle.unit-test";
		};
		18342D5E2AE5A2AA00126A99 /* ProductManagerUITests */ = {
			isa = PBXNativeTarget;
			buildConfigurationList = 18342D6F2AE5A2AA00126A99 /* Build configuration list for PBXNativeTarget "ProductManagerUITests" */;
			buildPhases = (
				18342D5B2AE5A2AA00126A99 /* Sources */,
				18342D5C2AE5A2AA00126A99 /* Frameworks */,
				18342D5D2AE5A2AA00126A99 /* Resources */,
			);
			buildRules = (
			);
			dependencies = (
				18342D612AE5A2AA00126A99 /* PBXTargetDependency */,
			);
			name = ProductManagerUITests;
			productName = ProductManagerUITests;
			productReference = 18342D5F2AE5A2AA00126A99 /* ProductManagerUITests.xctest */;
			productType = "com.apple.product-type.bundle.ui-testing";
		};
/* End PBXNativeTarget section */

/* Begin PBXProject section */
		18342D3D2AE5A2A800126A99 /* Project object */ = {
			isa = PBXProject;
			attributes = {
				BuildIndependentTargetsInParallel = 1;
				LastSwiftUpdateCheck = 1310;
				LastUpgradeCheck = 1310;
				TargetAttributes = {
					18342D442AE5A2A800126A99 = {
						CreatedOnToolsVersion = 13.1;
					};
					18342D542AE5A2AA00126A99 = {
						CreatedOnToolsVersion = 13.1;
						TestTargetID = 18342D442AE5A2A800126A99;
					};
					18342D5E2AE5A2AA00126A99 = {
						CreatedOnToolsVersion = 13.1;
						TestTargetID = 18342D442AE5A2A800126A99;
					};
				};
			};
			buildConfigurationList = 18342D402AE5A2A800126A99 /* Build configuration list for PBXProject "ProductManager" */;
			compatibilityVersion = "Xcode 13.0";
			developmentRegion = en;
			hasScannedForEncodings = 0;
			knownRegions = (
				en,
				Base,
			);
			mainGroup = 18342D3C2AE5A2A800126A99;
			productRefGroup = 18342D462AE5A2A800126A99 /* Products */;
			projectDirPath = "";
			projectRoot = "";
			targets = (
				18342D442AE5A2A800126A99 /* ProductManager */,
				18342D542AE5A2AA00126A99 /* ProductManagerTests */,
				18342D5E2AE5A2AA00126A99 /* ProductManagerUITests */,
			);
		};
/* End PBXProject section */

/* Begin PBXResourcesBuildPhase section */
		18342D432AE5A2A800126A99 /* Resources */ = {
			isa = PBXResourcesBuildPhase;
			buildActionMask = 2147483647;
			files = (
				18342D502AE5A2AA00126A99 /* Preview Assets.xcassets in Resources */,
				18342D4D2AE5A2AA00126A99 /* Assets.xcassets in Resources */,
			);
			runOnlyForDeploymentPostprocessing = 0;
		};
		18342D532AE5A2AA00126A99 /* Resources */ = {
			isa = PBXResourcesBuildPhase;
			buildActionMask = 2147483647;
			files = (
			);
			runOnlyForDeploymentPostprocessing = 0;
		};
		18342D5D2AE5A2AA00126A99 /* Resources */ = {
			isa = PBXResourcesBuildPhase;
			buildActionMask = 2147483647;
			files = (
			);
			runOnlyForDeploymentPostprocessing = 0;
		};
/* End PBXResourcesBuildPhase section */

/* Begin PBXSourcesBuildPhase section */
		18342D412AE5A2A800126A99 /* Sources */ = {
			isa = PBXSourcesBuildPhase;
			buildActionMask = 2147483647;
			files = (
				18342D4B2AE5A2A800126A99 /* ContentView.swift in Sources */,
				18342D492AE5A2A800126A99 /* ProductManagerApp.swift in Sources */,
			);
			runOnlyForDeploymentPostprocessing = 0;
		};
		18342D512AE5A2AA00126A99 /* Sources */ = {
			isa = PBXSourcesBuildPhase;
			buildActionMask = 2147483647;
			files = (
				18342D5A2AE5A2AA00126A99 /* ProductManagerTests.swift in Sources */,
			);
			runOnlyForDeploymentPostprocessing = 0;
		};
		18342D5B2AE5A2AA00126A99 /* Sources */ = {
			isa = PBXSourcesBuildPhase;
			buildActionMask = 2147483647;
			files = (
				18342D662AE5A2AA00126A99 /* ProductManagerUITestsLaunchTests.swift in Sources */,
				18342D642AE5A2AA00126A99 /* ProductManagerUITests.swift in Sources */,
			);
			runOnlyForDeploymentPostprocessing = 0;
		};
/* End PBXSourcesBuildPhase section */

/* Begin PBXTargetDependency section */
		18342D572AE5A2AA00126A99 /* PBXTargetDependency */ = {
			isa = PBXTargetDependency;
			target = 18342D442AE5A2A800126A99 /* ProductManager */;
			targetProxy = 18342D562AE5A2AA00126A99 /* PBXContainerItemProxy */;
		};
		18342D612AE5A2AA00126A99 /* PBXTargetDependency */ = {
			isa = PBXTargetDependency;
			target = 18342D442AE5A2A800126A99 /* ProductManager */;
			targetProxy = 18342D602AE5A2AA00126A99 /* PBXContainerItemProxy */;
		};
/* End PBXTargetDependency section */

/* Begin XCBuildConfiguration section */
		18342D672AE5A2AA00126A99 /* Debug */ = {
			isa = XCBuildConfiguration;
			buildSettings = {
				ALWAYS_SEARCH_USER_PATHS = NO;
				CLANG_ANALYZER_NONNULL = YES;
				CLANG_ANALYZER_NUMBER_OBJECT_CONVERSION = YES_AGGRESSIVE;
				CLANG_CXX_LANGUAGE_STANDARD = "gnu++17";
				CLANG_CXX_LIBRARY = "libc++";
				CLANG_ENABLE_MODULES = YES;
				CLANG_ENABLE_OBJC_ARC = YES;
				CLANG_ENABLE_OBJC_WEAK = YES;
				CLANG_WARN_BLOCK_CAPTURE_AUTORELEASING = YES;
				CLANG_WARN_BOOL_CONVERSION = YES;
				CLANG_WARN_COMMA = YES;
				CLANG_WARN_CONSTANT_CONVERSION = YES;
				CLANG_WARN_DEPRECATED_OBJC_IMPLEMENTATIONS = YES;
				CLANG_WARN_DIRECT_OBJC_ISA_USAGE = YES_ERROR;
				CLANG_WARN_DOCUMENTATION_COMMENTS = YES;
				CLANG_WARN_EMPTY_BODY = YES;
				CLANG_WARN_ENUM_CONVERSION = YES;
				CLANG_WARN_INFINITE_RECURSION = YES;
				CLANG_WARN_INT_CONVERSION = YES;
				CLANG_WARN_NON_LITERAL_NULL_CONVERSION = YES;
				CLANG_WARN_OBJC_IMPLICIT_RETAIN_SELF = YES;
				CLANG_WARN_OBJC_LITERAL_CONVERSION = YES;
				CLANG_WARN_OBJC_ROOT_CLASS = YES_ERROR;
				CLANG_WARN_QUOTED_INCLUDE_IN_FRAMEWORK_HEADER = YES;
				CLANG_WARN_RANGE_LOOP_ANALYSIS = YES;
				CLANG_WARN_STRICT_PROTOTYPES = YES;
				CLANG_WARN_SUSPICIOUS_MOVE = YES;
				CLANG_WARN_UNGUARDED_AVAILABILITY = YES_AGGRESSIVE;
				CLANG_WARN_UNREACHABLE_CODE = YES;
				CLANG_WARN__DUPLICATE_METHOD_MATCH = YES;
				COPY_PHASE_STRIP = NO;
				DEBUG_INFORMATION_FORMAT = dwarf;
				ENABLE_STRICT_OBJC_MSGSEND = YES;
				ENABLE_TESTABILITY = YES;
				GCC_C_LANGUAGE_STANDARD = gnu11;
				GCC_DYNAMIC_NO_PIC = NO;
				GCC_NO_COMMON_BLOCKS = YES;
				GCC_OPTIMIZATION_LEVEL = 0;
				GCC_PREPROCESSOR_DEFINITIONS = (
					"DEBUG=1",
					"$(inherited)",
				);
				GCC_WARN_64_TO_32_BIT_CONVERSION = YES;
				GCC_WARN_ABOUT_RETURN_TYPE = YES_ERROR;
				GCC_WARN_UNDECLARED_SELECTOR = YES;
				GCC_WARN_UNINITIALIZED_AUTOS = YES_AGGRESSIVE;
				GCC_WARN_UNUSED_FUNCTION = YES;
				GCC_WARN_UNUSED_VARIABLE = YES;
				IPHONEOS_DEPLOYMENT_TARGET = 15.0;
				MTL_ENABLE_DEBUG_INFO = INCLUDE_SOURCE;
				MTL_FAST_MATH = YES;
				ONLY_ACTIVE_ARCH = YES;
				SDKROOT = iphoneos;
				SWIFT_ACTIVE_COMPILATION_CONDITIONS = DEBUG;
				SWIFT_OPTIMIZATION_LEVEL = "-Onone";
			};
			name = Debug;
		};
		18342D682AE5A2AA00126A99 /* Release */ = {
			isa = XCBuildConfiguration;
			buildSettings = {
				ALWAYS_SEARCH_USER_PATHS = NO;
				CLANG_ANALYZER_NONNULL = YES;
				CLANG_ANALYZER_NUMBER_OBJECT_CONVERSION = YES_AGGRESSIVE;
				CLANG_CXX_LANGUAGE_STANDARD = "gnu++17";
				CLANG_CXX_LIBRARY = "libc++";
				CLANG_ENABLE_MODULES = YES;
				CLANG_ENABLE_OBJC_ARC = YES;
				CLANG_ENABLE_OBJC_WEAK = YES;
				CLANG_WARN_BLOCK_CAPTURE_AUTORELEASING = YES;
				CLANG_WARN_BOOL_CONVERSION = YES;
				CLANG_WARN_COMMA = YES;
				CLANG_WARN_CONSTANT_CONVERSION = YES;
				CLANG_WARN_DEPRECATED_OBJC_IMPLEMENTATIONS = YES;
				CLANG_WARN_DIRECT_OBJC_ISA_USAGE = YES_ERROR;
				CLANG_WARN_DOCUMENTATION_COMMENTS = YES;
				CLANG_WARN_EMPTY_BODY = YES;
				CLANG_WARN_ENUM_CONVERSION = YES;
				CLANG_WARN_INFINITE_RECURSION = YES;
				CLANG_WARN_INT_CONVERSION = YES;
				CLANG_WARN_NON_LITERAL_NULL_CONVERSION = YES;
				CLANG_WARN_OBJC_IMPLICIT_RETAIN_SELF = YES;
				CLANG_WARN_OBJC_LITERAL_CONVERSION = YES;
				CLANG_WARN_OBJC_ROOT_CLASS = YES_ERROR;
				CLANG_WARN_QUOTED_INCLUDE_IN_FRAMEWORK_HEADER = YES;
				CLANG_WARN_RANGE_LOOP_ANALYSIS = YES;
				CLANG_WARN_STRICT_PROTOTYPES = YES;
				CLANG_WARN_SUSPICIOUS_MOVE = YES;
				CLANG_WARN_UNGUARDED_AVAILABILITY = YES_AGGRESSIVE;
				CLANG_WARN_UNREACHABLE_CODE = YES;
				CLANG_WARN__DUPLICATE_METHOD_MATCH = YES;
				COPY_PHASE_STRIP = NO;
				DEBUG_INFORMATION_FORMAT = "dwarf-with-dsym";
				ENABLE_NS_ASSERTIONS = NO;
				ENABLE_STRICT_OBJC_MSGSEND = YES;
				GCC_C_LANGUAGE_STANDARD = gnu11;
				GCC_NO_COMMON_BLOCKS = YES;
				GCC_WARN_64_TO_32_BIT_CONVERSION = YES;
				GCC_WARN_ABOUT_RETURN_TYPE = YES_ERROR;
				GCC_WARN_UNDECLARED_SELECTOR = YES;
				GCC_WARN_UNINITIALIZED_AUTOS = YES_AGGRESSIVE;
				GCC_WARN_UNUSED_FUNCTION = YES;
				GCC_WARN_UNUSED_VARIABLE = YES;
				IPHONEOS_DEPLOYMENT_TARGET = 15.0;
				MTL_ENABLE_DEBUG_INFO = NO;
				MTL_FAST_MATH = YES;
				SDKROOT = iphoneos;
				SWIFT_COMPILATION_MODE = wholemodule;
				SWIFT_OPTIMIZATION_LEVEL = "-O";
				VALIDATE_PRODUCT = YES;
			};
			name = Release;
		};
		18342D6A2AE5A2AA00126A99 /* Debug */ = {
			isa = XCBuildConfiguration;
			buildSettings = {
				ASSETCATALOG_COMPILER_APPICON_NAME = AppIcon;
				ASSETCATALOG_COMPILER_GLOBAL_ACCENT_COLOR_NAME = AccentColor;
				CODE_SIGN_STYLE = Automatic;
				CURRENT_PROJECT_VERSION = 1;
				DEVELOPMENT_ASSET_PATHS = "\"ProductManager/Preview Content\"";
				DEVELOPMENT_TEAM = M4UK7KD49P;
				ENABLE_PREVIEWS = YES;
				GENERATE_INFOPLIST_FILE = YES;
				INFOPLIST_KEY_UIApplicationSceneManifest_Generation = YES;
				INFOPLIST_KEY_UIApplicationSupportsIndirectInputEvents = YES;
				INFOPLIST_KEY_UILaunchScreen_Generation = YES;
				INFOPLIST_KEY_UISupportedInterfaceOrientations_iPad = "UIInterfaceOrientationPortrait UIInterfaceOrientationPortraitUpsideDown UIInterfaceOrientationLandscapeLeft UIInterfaceOrientationLandscapeRight";
				INFOPLIST_KEY_UISupportedInterfaceOrientations_iPhone = "UIInterfaceOrientationPortrait UIInterfaceOrientationLandscapeLeft UIInterfaceOrientationLandscapeRight";
				LD_RUNPATH_SEARCH_PATHS = (
					"$(inherited)",
					"@executable_path/Frameworks",
				);
				MARKETING_VERSION = 1.0;
				PRODUCT_BUNDLE_IDENTIFIER = com.saveouruselesssouls.ProductManager;
				PRODUCT_NAME = "$(TARGET_NAME)";
				SWIFT_EMIT_LOC_STRINGS = YES;
				SWIFT_VERSION = 5.0;
				TARGETED_DEVICE_FAMILY = "1,2";
			};
			name = Debug;
		};
		18342D6B2AE5A2AA00126A99 /* Release */ = {
			isa = XCBuildConfiguration;
			buildSettings = {
				ASSETCATALOG_COMPILER_APPICON_NAME = AppIcon;
				ASSETCATALOG_COMPILER_GLOBAL_ACCENT_COLOR_NAME = AccentColor;
				CODE_SIGN_STYLE = Automatic;
				CURRENT_PROJECT_VERSION = 1;
				DEVELOPMENT_ASSET_PATHS = "\"ProductManager/Preview Content\"";
				DEVELOPMENT_TEAM = M4UK7KD49P;
				ENABLE_PREVIEWS = YES;
				GENERATE_INFOPLIST_FILE = YES;
				INFOPLIST_KEY_UIApplicationSceneManifest_Generation = YES;
				INFOPLIST_KEY_UIApplicationSupportsIndirectInputEvents = YES;
				INFOPLIST_KEY_UILaunchScreen_Generation = YES;
				INFOPLIST_KEY_UISupportedInterfaceOrientations_iPad = "UIInterfaceOrientationPortrait UIInterfaceOrientationPortraitUpsideDown UIInterfaceOrientationLandscapeLeft UIInterfaceOrientationLandscapeRight";
				INFOPLIST_KEY_UISupportedInterfaceOrientations_iPhone = "UIInterfaceOrientationPortrait UIInterfaceOrientationLandscapeLeft UIInterfaceOrientationLandscapeRight";
				LD_RUNPATH_SEARCH_PATHS = (
					"$(inherited)",
					"@executable_path/Frameworks",
				);
				MARKETING_VERSION = 1.0;
				PRODUCT_BUNDLE_IDENTIFIER = com.saveouruselesssouls.ProductManager;
				PRODUCT_NAME = "$(TARGET_NAME)";
				SWIFT_EMIT_LOC_STRINGS = YES;
				SWIFT_VERSION = 5.0;
				TARGETED_DEVICE_FAMILY = "1,2";
			};
			name = Release;
		};
		18342D6D2AE5A2AA00126A99 /* Debug */ = {
			isa = XCBuildConfiguration;
			buildSettings = {
				ALWAYS_EMBED_SWIFT_STANDARD_LIBRARIES = YES;
				BUNDLE_LOADER = "$(TEST_HOST)";
				CODE_SIGN_STYLE = Automatic;
				CURRENT_PROJECT_VERSION = 1;
				DEVELOPMENT_TEAM = M4UK7KD49P;
				GENERATE_INFOPLIST_FILE = YES;
				IPHONEOS_DEPLOYMENT_TARGET = 15.0;
				LD_RUNPATH_SEARCH_PATHS = (
					"$(inherited)",
					"@executable_path/Frameworks",
					"@loader_path/Frameworks",
				);
				MARKETING_VERSION = 1.0;
				PRODUCT_BUNDLE_IDENTIFIER = com.saveouruselesssouls.ProductManagerTests;
				PRODUCT_NAME = "$(TARGET_NAME)";
				SWIFT_EMIT_LOC_STRINGS = NO;
				SWIFT_VERSION = 5.0;
				TARGETED_DEVICE_FAMILY = "1,2";
				TEST_HOST = "$(BUILT_PRODUCTS_DIR)/ProductManager.app/ProductManager";
			};
			name = Debug;
		};
		18342D6E2AE5A2AA00126A99 /* Release */ = {
			isa = XCBuildConfiguration;
			buildSettings = {
				ALWAYS_EMBED_SWIFT_STANDARD_LIBRARIES = YES;
				BUNDLE_LOADER = "$(TEST_HOST)";
				CODE_SIGN_STYLE = Automatic;
				CURRENT_PROJECT_VERSION = 1;
				DEVELOPMENT_TEAM = M4UK7KD49P;
				GENERATE_INFOPLIST_FILE = YES;
				IPHONEOS_DEPLOYMENT_TARGET = 15.0;
				LD_RUNPATH_SEARCH_PATHS = (
					"$(inherited)",
					"@executable_path/Frameworks",
					"@loader_path/Frameworks",
				);
				MARKETING_VERSION = 1.0;
				PRODUCT_BUNDLE_IDENTIFIER = com.saveouruselesssouls.ProductManagerTests;
				PRODUCT_NAME = "$(TARGET_NAME)";
				SWIFT_EMIT_LOC_STRINGS = NO;
				SWIFT_VERSION = 5.0;
				TARGETED_DEVICE_FAMILY = "1,2";
				TEST_HOST = "$(BUILT_PRODUCTS_DIR)/ProductManager.app/ProductManager";
			};
			name = Release;
		};
		18342D702AE5A2AA00126A99 /* Debug */ = {
			isa = XCBuildConfiguration;
			buildSettings = {
				ALWAYS_EMBED_SWIFT_STANDARD_LIBRARIES = YES;
				CODE_SIGN_STYLE = Automatic;
				CURRENT_PROJECT_VERSION = 1;
				DEVELOPMENT_TEAM = M4UK7KD49P;
				GENERATE_INFOPLIST_FILE = YES;
				LD_RUNPATH_SEARCH_PATHS = (
					"$(inherited)",
					"@executable_path/Frameworks",
					"@loader_path/Frameworks",
				);
				MARKETING_VERSION = 1.0;
				PRODUCT_BUNDLE_IDENTIFIER = com.saveouruselesssouls.ProductManagerUITests;
				PRODUCT_NAME = "$(TARGET_NAME)";
				SWIFT_EMIT_LOC_STRINGS = NO;
				SWIFT_VERSION = 5.0;
				TARGETED_DEVICE_FAMILY = "1,2";
				TEST_TARGET_NAME = ProductManager;
			};
			name = Debug;
		};
		18342D712AE5A2AA00126A99 /* Release */ = {
			isa = XCBuildConfiguration;
			buildSettings = {
				ALWAYS_EMBED_SWIFT_STANDARD_LIBRARIES = YES;
				CODE_SIGN_STYLE = Automatic;
				CURRENT_PROJECT_VERSION = 1;
				DEVELOPMENT_TEAM = M4UK7KD49P;
				GENERATE_INFOPLIST_FILE = YES;
				LD_RUNPATH_SEARCH_PATHS = (
					"$(inherited)",
					"@executable_path/Frameworks",
					"@loader_path/Frameworks",
				);
				MARKETING_VERSION = 1.0;
				PRODUCT_BUNDLE_IDENTIFIER = com.saveouruselesssouls.ProductManagerUITests;
				PRODUCT_NAME = "$(TARGET_NAME)";
				SWIFT_EMIT_LOC_STRINGS = NO;
				SWIFT_VERSION = 5.0;
				TARGETED_DEVICE_FAMILY = "1,2";
				TEST_TARGET_NAME = ProductManager;
			};
			name = Release;
		};
/* End XCBuildConfiguration section */

/* Begin XCConfigurationList section */
		18342D402AE5A2A800126A99 /* Build configuration list for PBXProject "ProductManager" */ = {
			isa = XCConfigurationList;
			buildConfigurations = (
				18342D672AE5A2AA00126A99 /* Debug */,
				18342D682AE5A2AA00126A99 /* Release */,
			);
			defaultConfigurationIsVisible = 0;
			defaultConfigurationName = Release;
		};
		18342D692AE5A2AA00126A99 /* Build configuration list for PBXNativeTarget "ProductManager" */ = {
			isa = XCConfigurationList;
			buildConfigurations = (
				18342D6A2AE5A2AA00126A99 /* Debug */,
				18342D6B2AE5A2AA00126A99 /* Release */,
			);
			defaultConfigurationIsVisible = 0;
			defaultConfigurationName = Release;
		};
		18342D6C2AE5A2AA00126A99 /* Build configuration list for PBXNativeTarget "ProductManagerTests" */ = {
			isa = XCConfigurationList;
			buildConfigurations = (
				18342D6D2AE5A2AA00126A99 /* Debug */,
				18342D6E2AE5A2AA00126A99 /* Release */,
			);
			defaultConfigurationIsVisible = 0;
			defaultConfigurationName = Release;
		};
		18342D6F2AE5A2AA00126A99 /* Build configuration list for PBXNativeTarget "ProductManagerUITests" */ = {
			isa = XCConfigurationList;
			buildConfigurations = (
				18342D702AE5A2AA00126A99 /* Debug */,
				18342D712AE5A2AA00126A99 /* Release */,
			);
			defaultConfigurationIsVisible = 0;
			defaultConfigurationName = Release;
		};
/* End XCConfigurationList section */
	};
	rootObject = 18342D3D2AE5A2A800126A99 /* Project object */;
}
